// !$*UTF8*$!
{
	archiveVersion = 1;
	classes = {
	};
	objectVersion = 56;
	objects = {

/* Begin PBXBuildFile section */
		058281452C50822600269671 /* AppDelegate.swift in Sources */ = {isa = PBXBuildFile; fileRef = 058281442C50822600269671 /* AppDelegate.swift */; };
		058281472C50822600269671 /* SceneDelegate.swift in Sources */ = {isa = PBXBuildFile; fileRef = 058281462C50822600269671 /* SceneDelegate.swift */; };
		058281492C50822600269671 /* ViewController.swift in Sources */ = {isa = PBXBuildFile; fileRef = 058281482C50822600269671 /* ViewController.swift */; };
		0582814C2C50822600269671 /* Main.storyboard in Resources */ = {isa = PBXBuildFile; fileRef = 0582814A2C50822600269671 /* Main.storyboard */; };
		0582814F2C50822600269671 /* GRameJia_Book.xcdatamodeld in Sources */ = {isa = PBXBuildFile; fileRef = 0582814D2C50822600269671 /* GRameJia_Book.xcdatamodeld */; };
		058281512C50822700269671 /* Assets.xcassets in Resources */ = {isa = PBXBuildFile; fileRef = 058281502C50822700269671 /* Assets.xcassets */; };
		058281542C50822700269671 /* LaunchScreen.storyboard in Resources */ = {isa = PBXBuildFile; fileRef = 058281522C50822700269671 /* LaunchScreen.storyboard */; };
		0582815C2C508F7D00269671 /* LoginViewController.swift in Sources */ = {isa = PBXBuildFile; fileRef = 0582815B2C508F7D00269671 /* LoginViewController.swift */; };
		0582815E2C50954D00269671 /* RegisterViewController.swift in Sources */ = {isa = PBXBuildFile; fileRef = 0582815D2C50954D00269671 /* RegisterViewController.swift */; };
		05B025092C50A56A00E8EB99 /* Book.swift in Sources */ = {isa = PBXBuildFile; fileRef = 05B025082C50A56A00E8EB99 /* Book.swift */; };
		05B0250C2C50ABDF00E8EB99 /* TabBarController.swift in Sources */ = {isa = PBXBuildFile; fileRef = 05B0250B2C50ABDF00E8EB99 /* TabBarController.swift */; };
		05B0250E2C50AE1100E8EB99 /* HomeViewController.swift in Sources */ = {isa = PBXBuildFile; fileRef = 05B0250D2C50AE1100E8EB99 /* HomeViewController.swift */; };
		05B025102C50B86B00E8EB99 /* AdminViewController.swift in Sources */ = {isa = PBXBuildFile; fileRef = 05B0250F2C50B86B00E8EB99 /* AdminViewController.swift */; };
		05B025122C50D8FA00E8EB99 /* AddBookViewController.swift in Sources */ = {isa = PBXBuildFile; fileRef = 05B025112C50D8FA00E8EB99 /* AddBookViewController.swift */; };
		05B025142C50D91200E8EB99 /* UpdateBookViewController.swift in Sources */ = {isa = PBXBuildFile; fileRef = 05B025132C50D91200E8EB99 /* UpdateBookViewController.swift */; };
		05F3472F2C520AAC0028C29C /* AdminTableViewCell.swift in Sources */ = {isa = PBXBuildFile; fileRef = 05F3472E2C520AAC0028C29C /* AdminTableViewCell.swift */; };
		05F347312C522A290028C29C /* HomeTableViewCell.swift in Sources */ = {isa = PBXBuildFile; fileRef = 05F347302C522A290028C29C /* HomeTableViewCell.swift */; };
		05F347332C522A370028C29C /* CartTableViewCell.swift in Sources */ = {isa = PBXBuildFile; fileRef = 05F347322C522A370028C29C /* CartTableViewCell.swift */; };
		05F347352C522A4B0028C29C /* HistoryTableViewCell.swift in Sources */ = {isa = PBXBuildFile; fileRef = 05F347342C522A4B0028C29C /* HistoryTableViewCell.swift */; };
		05F347372C5240210028C29C /* CartViewController.swift in Sources */ = {isa = PBXBuildFile; fileRef = 05F347362C5240210028C29C /* CartViewController.swift */; };
		05F347392C5251130028C29C /* ProfileViewController.swift in Sources */ = {isa = PBXBuildFile; fileRef = 05F347382C5251130028C29C /* ProfileViewController.swift */; };
/* End PBXBuildFile section */

/* Begin PBXFileReference section */
		058281412C50822600269671 /* GRameJia Book.app */ = {isa = PBXFileReference; explicitFileType = wrapper.application; includeInIndex = 0; path = "GRameJia Book.app"; sourceTree = BUILT_PRODUCTS_DIR; };
		058281442C50822600269671 /* AppDelegate.swift */ = {isa = PBXFileReference; lastKnownFileType = sourcecode.swift; path = AppDelegate.swift; sourceTree = "<group>"; };
		058281462C50822600269671 /* SceneDelegate.swift */ = {isa = PBXFileReference; lastKnownFileType = sourcecode.swift; path = SceneDelegate.swift; sourceTree = "<group>"; };
		058281482C50822600269671 /* ViewController.swift */ = {isa = PBXFileReference; lastKnownFileType = sourcecode.swift; path = ViewController.swift; sourceTree = "<group>"; };
		0582814B2C50822600269671 /* Base */ = {isa = PBXFileReference; lastKnownFileType = file.storyboard; name = Base; path = Base.lproj/Main.storyboard; sourceTree = "<group>"; };
		0582814E2C50822600269671 /* GRameJia_Book.xcdatamodel */ = {isa = PBXFileReference; lastKnownFileType = wrapper.xcdatamodel; path = GRameJia_Book.xcdatamodel; sourceTree = "<group>"; };
		058281502C50822700269671 /* Assets.xcassets */ = {isa = PBXFileReference; lastKnownFileType = folder.assetcatalog; path = Assets.xcassets; sourceTree = "<group>"; };
		058281532C50822700269671 /* Base */ = {isa = PBXFileReference; lastKnownFileType = file.storyboard; name = Base; path = Base.lproj/LaunchScreen.storyboard; sourceTree = "<group>"; };
		058281552C50822700269671 /* Info.plist */ = {isa = PBXFileReference; lastKnownFileType = text.plist.xml; path = Info.plist; sourceTree = "<group>"; };
		0582815B2C508F7D00269671 /* LoginViewController.swift */ = {isa = PBXFileReference; lastKnownFileType = sourcecode.swift; path = LoginViewController.swift; sourceTree = "<group>"; };
		0582815D2C50954D00269671 /* RegisterViewController.swift */ = {isa = PBXFileReference; lastKnownFileType = sourcecode.swift; path = RegisterViewController.swift; sourceTree = "<group>"; };
		05B025082C50A56A00E8EB99 /* Book.swift */ = {isa = PBXFileReference; lastKnownFileType = sourcecode.swift; path = Book.swift; sourceTree = "<group>"; };
		05B0250B2C50ABDF00E8EB99 /* TabBarController.swift */ = {isa = PBXFileReference; lastKnownFileType = sourcecode.swift; path = TabBarController.swift; sourceTree = "<group>"; };
		05B0250D2C50AE1100E8EB99 /* HomeViewController.swift */ = {isa = PBXFileReference; lastKnownFileType = sourcecode.swift; path = HomeViewController.swift; sourceTree = "<group>"; };
		05B0250F2C50B86B00E8EB99 /* AdminViewController.swift */ = {isa = PBXFileReference; lastKnownFileType = sourcecode.swift; path = AdminViewController.swift; sourceTree = "<group>"; };
		05B025112C50D8FA00E8EB99 /* AddBookViewController.swift */ = {isa = PBXFileReference; lastKnownFileType = sourcecode.swift; path = AddBookViewController.swift; sourceTree = "<group>"; };
		05B025132C50D91200E8EB99 /* UpdateBookViewController.swift */ = {isa = PBXFileReference; lastKnownFileType = sourcecode.swift; path = UpdateBookViewController.swift; sourceTree = "<group>"; };
		05F3472E2C520AAC0028C29C /* AdminTableViewCell.swift */ = {isa = PBXFileReference; lastKnownFileType = sourcecode.swift; path = AdminTableViewCell.swift; sourceTree = "<group>"; };
		05F347302C522A290028C29C /* HomeTableViewCell.swift */ = {isa = PBXFileReference; lastKnownFileType = sourcecode.swift; path = HomeTableViewCell.swift; sourceTree = "<group>"; };
		05F347322C522A370028C29C /* CartTableViewCell.swift */ = {isa = PBXFileReference; lastKnownFileType = sourcecode.swift; path = CartTableViewCell.swift; sourceTree = "<group>"; };
		05F347342C522A4B0028C29C /* HistoryTableViewCell.swift */ = {isa = PBXFileReference; lastKnownFileType = sourcecode.swift; path = HistoryTableViewCell.swift; sourceTree = "<group>"; };
		05F347362C5240210028C29C /* CartViewController.swift */ = {isa = PBXFileReference; lastKnownFileType = sourcecode.swift; path = CartViewController.swift; sourceTree = "<group>"; };
		05F347382C5251130028C29C /* ProfileViewController.swift */ = {isa = PBXFileReference; lastKnownFileType = sourcecode.swift; path = ProfileViewController.swift; sourceTree = "<group>"; };
/* End PBXFileReference section */

/* Begin PBXFrameworksBuildPhase section */
		0582813E2C50822600269671 /* Frameworks */ = {
			isa = PBXFrameworksBuildPhase;
			buildActionMask = 2147483647;
			files = (
			);
			runOnlyForDeploymentPostprocessing = 0;
		};
/* End PBXFrameworksBuildPhase section */

/* Begin PBXGroup section */
		058281382C50822600269671 = {
			isa = PBXGroup;
			children = (
				058281432C50822600269671 /* GRameJia Book */,
				058281422C50822600269671 /* Products */,
			);
			sourceTree = "<group>";
		};
		058281422C50822600269671 /* Products */ = {
			isa = PBXGroup;
			children = (
				058281412C50822600269671 /* GRameJia Book.app */,
			);
			name = Products;
			sourceTree = "<group>";
		};
		058281432C50822600269671 /* GRameJia Book */ = {
			isa = PBXGroup;
			children = (
				05B0250A2C50A78400E8EB99 /* ViewController */,
				05B025072C50A53D00E8EB99 /* Model */,
				058281442C50822600269671 /* AppDelegate.swift */,
				058281462C50822600269671 /* SceneDelegate.swift */,
				0582814A2C50822600269671 /* Main.storyboard */,
				058281502C50822700269671 /* Assets.xcassets */,
				058281522C50822700269671 /* LaunchScreen.storyboard */,
				058281552C50822700269671 /* Info.plist */,
				0582814D2C50822600269671 /* GRameJia_Book.xcdatamodeld */,
			);
			path = "GRameJia Book";
			sourceTree = "<group>";
		};
		05B025072C50A53D00E8EB99 /* Model */ = {
			isa = PBXGroup;
			children = (
				05B025082C50A56A00E8EB99 /* Book.swift */,
			);
			path = Model;
			sourceTree = "<group>";
		};
		05B0250A2C50A78400E8EB99 /* ViewController */ = {
			isa = PBXGroup;
			children = (
				0582815D2C50954D00269671 /* RegisterViewController.swift */,
				0582815B2C508F7D00269671 /* LoginViewController.swift */,
				058281482C50822600269671 /* ViewController.swift */,
				05B0250B2C50ABDF00E8EB99 /* TabBarController.swift */,
				05B0250D2C50AE1100E8EB99 /* HomeViewController.swift */,
				05B0250F2C50B86B00E8EB99 /* AdminViewController.swift */,
				05B025112C50D8FA00E8EB99 /* AddBookViewController.swift */,
				05B025132C50D91200E8EB99 /* UpdateBookViewController.swift */,
				05F3472E2C520AAC0028C29C /* AdminTableViewCell.swift */,
				05F347302C522A290028C29C /* HomeTableViewCell.swift */,
				05F347322C522A370028C29C /* CartTableViewCell.swift */,
				05F347342C522A4B0028C29C /* HistoryTableViewCell.swift */,
				05F347362C5240210028C29C /* CartViewController.swift */,
				05F347382C5251130028C29C /* ProfileViewController.swift */,
			);
			path = ViewController;
			sourceTree = "<group>";
		};
/* End PBXGroup section */

/* Begin PBXNativeTarget section */
		058281402C50822600269671 /* GRameJia Book */ = {
			isa = PBXNativeTarget;
			buildConfigurationList = 058281582C50822700269671 /* Build configuration list for PBXNativeTarget "GRameJia Book" */;
			buildPhases = (
				0582813D2C50822600269671 /* Sources */,
				0582813E2C50822600269671 /* Frameworks */,
				0582813F2C50822600269671 /* Resources */,
			);
			buildRules = (
			);
			dependencies = (
			);
			name = "GRameJia Book";
			productName = "GRameJia Book";
			productReference = 058281412C50822600269671 /* GRameJia Book.app */;
			productType = "com.apple.product-type.application";
		};
/* End PBXNativeTarget section */

/* Begin PBXProject section */
		058281392C50822600269671 /* Project object */ = {
			isa = PBXProject;
			attributes = {
				BuildIndependentTargetsInParallel = 1;
				LastSwiftUpdateCheck = 1430;
				LastUpgradeCheck = 1430;
				TargetAttributes = {
					058281402C50822600269671 = {
						CreatedOnToolsVersion = 14.3.1;
					};
				};
			};
			buildConfigurationList = 0582813C2C50822600269671 /* Build configuration list for PBXProject "GRameJia Book" */;
			compatibilityVersion = "Xcode 14.0";
			developmentRegion = en;
			hasScannedForEncodings = 0;
			knownRegions = (
				en,
				Base,
			);
			mainGroup = 058281382C50822600269671;
			productRefGroup = 058281422C50822600269671 /* Products */;
			projectDirPath = "";
			projectRoot = "";
			targets = (
				058281402C50822600269671 /* GRameJia Book */,
			);
		};
/* End PBXProject section */

/* Begin PBXResourcesBuildPhase section */
		0582813F2C50822600269671 /* Resources */ = {
			isa = PBXResourcesBuildPhase;
			buildActionMask = 2147483647;
			files = (
				058281542C50822700269671 /* LaunchScreen.storyboard in Resources */,
				058281512C50822700269671 /* Assets.xcassets in Resources */,
				0582814C2C50822600269671 /* Main.storyboard in Resources */,
			);
			runOnlyForDeploymentPostprocessing = 0;
		};
/* End PBXResourcesBuildPhase section */

/* Begin PBXSourcesBuildPhase section */
		0582813D2C50822600269671 /* Sources */ = {
			isa = PBXSourcesBuildPhase;
			buildActionMask = 2147483647;
			files = (
				0582814F2C50822600269671 /* GRameJia_Book.xcdatamodeld in Sources */,
				058281492C50822600269671 /* ViewController.swift in Sources */,
				05F347312C522A290028C29C /* HomeTableViewCell.swift in Sources */,
				058281452C50822600269671 /* AppDelegate.swift in Sources */,
				05F3472F2C520AAC0028C29C /* AdminTableViewCell.swift in Sources */,
				05B025122C50D8FA00E8EB99 /* AddBookViewController.swift in Sources */,
				05F347392C5251130028C29C /* ProfileViewController.swift in Sources */,
				0582815E2C50954D00269671 /* RegisterViewController.swift in Sources */,
				0582815C2C508F7D00269671 /* LoginViewController.swift in Sources */,
				05B0250E2C50AE1100E8EB99 /* HomeViewController.swift in Sources */,
				058281472C50822600269671 /* SceneDelegate.swift in Sources */,
				05F347352C522A4B0028C29C /* HistoryTableViewCell.swift in Sources */,
				05B0250C2C50ABDF00E8EB99 /* TabBarController.swift in Sources */,
				05B025102C50B86B00E8EB99 /* AdminViewController.swift in Sources */,
				05F347372C5240210028C29C /* CartViewController.swift in Sources */,
				05F347332C522A370028C29C /* CartTableViewCell.swift in Sources */,
				05B025142C50D91200E8EB99 /* UpdateBookViewController.swift in Sources */,
				05B025092C50A56A00E8EB99 /* Book.swift in Sources */,
			);
			runOnlyForDeploymentPostprocessing = 0;
		};
/* End PBXSourcesBuildPhase section */

/* Begin PBXVariantGroup section */
		0582814A2C50822600269671 /* Main.storyboard */ = {
			isa = PBXVariantGroup;
			children = (
				0582814B2C50822600269671 /* Base */,
			);
			name = Main.storyboard;
			sourceTree = "<group>";
		};
		058281522C50822700269671 /* LaunchScreen.storyboard */ = {
			isa = PBXVariantGroup;
			children = (
				058281532C50822700269671 /* Base */,
			);
			name = LaunchScreen.storyboard;
			sourceTree = "<group>";
		};
/* End PBXVariantGroup section */

/* Begin XCBuildConfiguration section */
		058281562C50822700269671 /* Debug */ = {
			isa = XCBuildConfiguration;
			buildSettings = {
				ALWAYS_SEARCH_USER_PATHS = NO;
				CLANG_ANALYZER_NONNULL = YES;
				CLANG_ANALYZER_NUMBER_OBJECT_CONVERSION = YES_AGGRESSIVE;
				CLANG_CXX_LANGUAGE_STANDARD = "gnu++20";
				CLANG_ENABLE_MODULES = YES;
				CLANG_ENABLE_OBJC_ARC = YES;
				CLANG_ENABLE_OBJC_WEAK = YES;
				CLANG_WARN_BLOCK_CAPTURE_AUTORELEASING = YES;
				CLANG_WARN_BOOL_CONVERSION = YES;
				CLANG_WARN_COMMA = YES;
				CLANG_WARN_CONSTANT_CONVERSION = YES;
				CLANG_WARN_DEPRECATED_OBJC_IMPLEMENTATIONS = YES;
				CLANG_WARN_DIRECT_OBJC_ISA_USAGE = YES_ERROR;
				CLANG_WARN_DOCUMENTATION_COMMENTS = YES;
				CLANG_WARN_EMPTY_BODY = YES;
				CLANG_WARN_ENUM_CONVERSION = YES;
				CLANG_WARN_INFINITE_RECURSION = YES;
				CLANG_WARN_INT_CONVERSION = YES;
				CLANG_WARN_NON_LITERAL_NULL_CONVERSION = YES;
				CLANG_WARN_OBJC_IMPLICIT_RETAIN_SELF = YES;
				CLANG_WARN_OBJC_LITERAL_CONVERSION = YES;
				CLANG_WARN_OBJC_ROOT_CLASS = YES_ERROR;
				CLANG_WARN_QUOTED_INCLUDE_IN_FRAMEWORK_HEADER = YES;
				CLANG_WARN_RANGE_LOOP_ANALYSIS = YES;
				CLANG_WARN_STRICT_PROTOTYPES = YES;
				CLANG_WARN_SUSPICIOUS_MOVE = YES;
				CLANG_WARN_UNGUARDED_AVAILABILITY = YES_AGGRESSIVE;
				CLANG_WARN_UNREACHABLE_CODE = YES;
				CLANG_WARN__DUPLICATE_METHOD_MATCH = YES;
				COPY_PHASE_STRIP = NO;
				DEBUG_INFORMATION_FORMAT = dwarf;
				ENABLE_STRICT_OBJC_MSGSEND = YES;
				ENABLE_TESTABILITY = YES;
				GCC_C_LANGUAGE_STANDARD = gnu11;
				GCC_DYNAMIC_NO_PIC = NO;
				GCC_NO_COMMON_BLOCKS = YES;
				GCC_OPTIMIZATION_LEVEL = 0;
				GCC_PREPROCESSOR_DEFINITIONS = (
					"DEBUG=1",
					"$(inherited)",
				);
				GCC_WARN_64_TO_32_BIT_CONVERSION = YES;
				GCC_WARN_ABOUT_RETURN_TYPE = YES_ERROR;
				GCC_WARN_UNDECLARED_SELECTOR = YES;
				GCC_WARN_UNINITIALIZED_AUTOS = YES_AGGRESSIVE;
				GCC_WARN_UNUSED_FUNCTION = YES;
				GCC_WARN_UNUSED_VARIABLE = YES;
				IPHONEOS_DEPLOYMENT_TARGET = 16.4;
				MTL_ENABLE_DEBUG_INFO = INCLUDE_SOURCE;
				MTL_FAST_MATH = YES;
				ONLY_ACTIVE_ARCH = YES;
				SDKROOT = iphoneos;
				SWIFT_ACTIVE_COMPILATION_CONDITIONS = DEBUG;
				SWIFT_OPTIMIZATION_LEVEL = "-Onone";
			};
			name = Debug;
		};
		058281572C50822700269671 /* Release */ = {
			isa = XCBuildConfiguration;
			buildSettings = {
				ALWAYS_SEARCH_USER_PATHS = NO;
				CLANG_ANALYZER_NONNULL = YES;
				CLANG_ANALYZER_NUMBER_OBJECT_CONVERSION = YES_AGGRESSIVE;
				CLANG_CXX_LANGUAGE_STANDARD = "gnu++20";
				CLANG_ENABLE_MODULES = YES;
				CLANG_ENABLE_OBJC_ARC = YES;
				CLANG_ENABLE_OBJC_WEAK = YES;
				CLANG_WARN_BLOCK_CAPTURE_AUTORELEASING = YES;
				CLANG_WARN_BOOL_CONVERSION = YES;
				CLANG_WARN_COMMA = YES;
				CLANG_WARN_CONSTANT_CONVERSION = YES;
				CLANG_WARN_DEPRECATED_OBJC_IMPLEMENTATIONS = YES;
				CLANG_WARN_DIRECT_OBJC_ISA_USAGE = YES_ERROR;
				CLANG_WARN_DOCUMENTATION_COMMENTS = YES;
				CLANG_WARN_EMPTY_BODY = YES;
				CLANG_WARN_ENUM_CONVERSION = YES;
				CLANG_WARN_INFINITE_RECURSION = YES;
				CLANG_WARN_INT_CONVERSION = YES;
				CLANG_WARN_NON_LITERAL_NULL_CONVERSION = YES;
				CLANG_WARN_OBJC_IMPLICIT_RETAIN_SELF = YES;
				CLANG_WARN_OBJC_LITERAL_CONVERSION = YES;
				CLANG_WARN_OBJC_ROOT_CLASS = YES_ERROR;
				CLANG_WARN_QUOTED_INCLUDE_IN_FRAMEWORK_HEADER = YES;
				CLANG_WARN_RANGE_LOOP_ANALYSIS = YES;
				CLANG_WARN_STRICT_PROTOTYPES = YES;
				CLANG_WARN_SUSPICIOUS_MOVE = YES;
				CLANG_WARN_UNGUARDED_AVAILABILITY = YES_AGGRESSIVE;
				CLANG_WARN_UNREACHABLE_CODE = YES;
				CLANG_WARN__DUPLICATE_METHOD_MATCH = YES;
				COPY_PHASE_STRIP = NO;
				DEBUG_INFORMATION_FORMAT = "dwarf-with-dsym";
				ENABLE_NS_ASSERTIONS = NO;
				ENABLE_STRICT_OBJC_MSGSEND = YES;
				GCC_C_LANGUAGE_STANDARD = gnu11;
				GCC_NO_COMMON_BLOCKS = YES;
				GCC_WARN_64_TO_32_BIT_CONVERSION = YES;
				GCC_WARN_ABOUT_RETURN_TYPE = YES_ERROR;
				GCC_WARN_UNDECLARED_SELECTOR = YES;
				GCC_WARN_UNINITIALIZED_AUTOS = YES_AGGRESSIVE;
				GCC_WARN_UNUSED_FUNCTION = YES;
				GCC_WARN_UNUSED_VARIABLE = YES;
				IPHONEOS_DEPLOYMENT_TARGET = 16.4;
				MTL_ENABLE_DEBUG_INFO = NO;
				MTL_FAST_MATH = YES;
				SDKROOT = iphoneos;
				SWIFT_COMPILATION_MODE = wholemodule;
				SWIFT_OPTIMIZATION_LEVEL = "-O";
				VALIDATE_PRODUCT = YES;
			};
			name = Release;
		};
		058281592C50822700269671 /* Debug */ = {
			isa = XCBuildConfiguration;
			buildSettings = {
				ASSETCATALOG_COMPILER_APPICON_NAME = AppIcon;
				ASSETCATALOG_COMPILER_GLOBAL_ACCENT_COLOR_NAME = AccentColor;
				CODE_SIGN_STYLE = Automatic;
				CURRENT_PROJECT_VERSION = 1;
				GENERATE_INFOPLIST_FILE = YES;
				INFOPLIST_FILE = "GRameJia Book/Info.plist";
				INFOPLIST_KEY_UIApplicationSupportsIndirectInputEvents = YES;
				INFOPLIST_KEY_UILaunchStoryboardName = LaunchScreen;
				INFOPLIST_KEY_UIMainStoryboardFile = Main;
				INFOPLIST_KEY_UISupportedInterfaceOrientations_iPad = "UIInterfaceOrientationPortrait UIInterfaceOrientationPortraitUpsideDown UIInterfaceOrientationLandscapeLeft UIInterfaceOrientationLandscapeRight";
				INFOPLIST_KEY_UISupportedInterfaceOrientations_iPhone = "UIInterfaceOrientationPortrait UIInterfaceOrientationLandscapeLeft UIInterfaceOrientationLandscapeRight";
				LD_RUNPATH_SEARCH_PATHS = (
					"$(inherited)",
					"@executable_path/Frameworks",
				);
				MARKETING_VERSION = 1.0;
				PRODUCT_BUNDLE_IDENTIFIER = "binus.GRameJia-Book";
				PRODUCT_NAME = "$(TARGET_NAME)";
				SWIFT_EMIT_LOC_STRINGS = YES;
				SWIFT_VERSION = 5.0;
				TARGETED_DEVICE_FAMILY = "1,2";
			};
			name = Debug;
		};
		0582815A2C50822700269671 /* Release */ = {
			isa = XCBuildConfiguration;
			buildSettings = {
				ASSETCATALOG_COMPILER_APPICON_NAME = AppIcon;
				ASSETCATALOG_COMPILER_GLOBAL_ACCENT_COLOR_NAME = AccentColor;
				CODE_SIGN_STYLE = Automatic;
				CURRENT_PROJECT_VERSION = 1;
				GENERATE_INFOPLIST_FILE = YES;
				INFOPLIST_FILE = "GRameJia Book/Info.plist";
				INFOPLIST_KEY_UIApplicationSupportsIndirectInputEvents = YES;
				INFOPLIST_KEY_UILaunchStoryboardName = LaunchScreen;
				INFOPLIST_KEY_UIMainStoryboardFile = Main;
				INFOPLIST_KEY_UISupportedInterfaceOrientations_iPad = "UIInterfaceOrientationPortrait UIInterfaceOrientationPortraitUpsideDown UIInterfaceOrientationLandscapeLeft UIInterfaceOrientationLandscapeRight";
				INFOPLIST_KEY_UISupportedInterfaceOrientations_iPhone = "UIInterfaceOrientationPortrait UIInterfaceOrientationLandscapeLeft UIInterfaceOrientationLandscapeRight";
				LD_RUNPATH_SEARCH_PATHS = (
					"$(inherited)",
					"@executable_path/Frameworks",
				);
				MARKETING_VERSION = 1.0;
				PRODUCT_BUNDLE_IDENTIFIER = "binus.GRameJia-Book";
				PRODUCT_NAME = "$(TARGET_NAME)";
				SWIFT_EMIT_LOC_STRINGS = YES;
				SWIFT_VERSION = 5.0;
				TARGETED_DEVICE_FAMILY = "1,2";
			};
			name = Release;
		};
/* End XCBuildConfiguration section */

/* Begin XCConfigurationList section */
		0582813C2C50822600269671 /* Build configuration list for PBXProject "GRameJia Book" */ = {
			isa = XCConfigurationList;
			buildConfigurations = (
				058281562C50822700269671 /* Debug */,
				058281572C50822700269671 /* Release */,
			);
			defaultConfigurationIsVisible = 0;
			defaultConfigurationName = Release;
		};
		058281582C50822700269671 /* Build configuration list for PBXNativeTarget "GRameJia Book" */ = {
			isa = XCConfigurationList;
			buildConfigurations = (
				058281592C50822700269671 /* Debug */,
				0582815A2C50822700269671 /* Release */,
			);
			defaultConfigurationIsVisible = 0;
			defaultConfigurationName = Release;
		};
/* End XCConfigurationList section */

/* Begin XCVersionGroup section */
		0582814D2C50822600269671 /* GRameJia_Book.xcdatamodeld */ = {
			isa = XCVersionGroup;
			children = (
				0582814E2C50822600269671 /* GRameJia_Book.xcdatamodel */,
			);
			currentVersion = 0582814E2C50822600269671 /* GRameJia_Book.xcdatamodel */;
			path = GRameJia_Book.xcdatamodeld;
			sourceTree = "<group>";
			versionGroupType = wrapper.xcdatamodel;
		};
/* End XCVersionGroup section */
	};
	rootObject = 058281392C50822600269671 /* Project object */;
}
